
Microsoft Visual Studio Solution File, Format Version 12.00
# Visual Studio Version 16
VisualStudioVersion = 16.0.30907.101
MinimumVisualStudioVersion = 10.0.40219.1
Project("{9A19103F-16F7-4668-BE54-9A1E7A4F7556}") = "Checkmarx.API", "Checkmarx.API\Checkmarx.API.csproj", "{1D912E07-EBA5-49C7-B10F-D5C050C58D26}"
EndProject
Project("{9A19103F-16F7-4668-BE54-9A1E7A4F7556}") = "Checkmarx.API.Tests", "Checkmarx.API.Tests\Checkmarx.API.Tests.csproj", "{8985AC65-8830-413D-BFF4-ADC64F9001B0}"
EndProject
Global
	GlobalSection(SolutionConfigurationPlatforms) = preSolution
		Debug|Any CPU = Debug|Any CPU
		Release|Any CPU = Release|Any CPU
	EndGlobalSection
	GlobalSection(ProjectConfigurationPlatforms) = postSolution
		{1D912E07-EBA5-49C7-B10F-D5C050C58D26}.Debug|Any CPU.ActiveCfg = Debug|Any CPU
		{1D912E07-EBA5-49C7-B10F-D5C050C58D26}.Debug|Any CPU.Build.0 = Debug|Any CPU
		{1D912E07-EBA5-49C7-B10F-D5C050C58D26}.Release|Any CPU.ActiveCfg = Release|Any CPU
		{1D912E07-EBA5-49C7-B10F-D5C050C58D26}.Release|Any CPU.Build.0 = Release|Any CPU
		{8985AC65-8830-413D-BFF4-ADC64F9001B0}.Debug|Any CPU.ActiveCfg = Debug|Any CPU
		{8985AC65-8830-413D-BFF4-ADC64F9001B0}.Debug|Any CPU.Build.0 = Debug|Any CPU
		{8985AC65-8830-413D-BFF4-ADC64F9001B0}.Release|Any CPU.ActiveCfg = Release|Any CPU
		{8985AC65-8830-413D-BFF4-ADC64F9001B0}.Release|Any CPU.Build.0 = Release|Any CPU
	EndGlobalSection
	GlobalSection(SolutionProperties) = preSolution
		HideSolutionNode = FALSE
	EndGlobalSection
	GlobalSection(ExtensibilityGlobals) = postSolution
		SolutionGuid = {54866C1A-2AF1-48EC-83E5-5E342BB8F506}
	EndGlobalSection
EndGlobal
